
Microsoft Visual Studio Solution File, Format Version 12.00
# Visual Studio Version 17
VisualStudioVersion = 17.8.34330.188
MinimumVisualStudioVersion = 10.0.40219.1
Project("{FAE04EC0-301F-11D3-BF4B-00C04F79EFBC}") = "BedTime", "BedTime\BedTime.csproj", "{1DBB2F98-91D3-4BE1-B296-3891FBEFFEFF}"
EndProject
Global
	GlobalSection(SolutionConfigurationPlatforms) = preSolution
		Debug|Any CPU = Debug|Any CPU
		Release|Any CPU = Release|Any CPU
	EndGlobalSection
	GlobalSection(ProjectConfigurationPlatforms) = postSolution
		{1DBB2F98-91D3-4BE1-B296-3891FBEFFEFF}.Debug|Any CPU.ActiveCfg = Debug|Any CPU
		{1DBB2F98-91D3-4BE1-B296-3891FBEFFEFF}.Debug|Any CPU.Build.0 = Debug|Any CPU
		{1DBB2F98-91D3-4BE1-B296-3891FBEFFEFF}.Debug|Any CPU.Deploy.0 = Debug|Any CPU
		{1DBB2F98-91D3-4BE1-B296-3891FBEFFEFF}.Release|Any CPU.ActiveCfg = Release|Any CPU
		{1DBB2F98-91D3-4BE1-B296-3891FBEFFEFF}.Release|Any CPU.Build.0 = Release|Any CPU
		{1DBB2F98-91D3-4BE1-B296-3891FBEFFEFF}.Release|Any CPU.Deploy.0 = Release|Any CPU
	EndGlobalSection
	GlobalSection(SolutionProperties) = preSolution
		HideSolutionNode = FALSE
	EndGlobalSection
	GlobalSection(ExtensibilityGlobals) = postSolution
		SolutionGuid = {18E31CCF-D1D0-401F-B520-937321245242}
	EndGlobalSection
EndGlobal
